// !$*UTF8*$!
{
	archiveVersion = 1;
	classes = {
	};
	objectVersion = 56;
	objects = {

/* Begin PBXBuildFile section */
		860EBADB2B1A3D080046B41E /* MoviesService.swift in Sources */ = {isa = PBXBuildFile; fileRef = 860EBADA2B1A3D080046B41E /* MoviesService.swift */; };
		86933F2B2B320E300084C3BF /* TopRated.swift in Sources */ = {isa = PBXBuildFile; fileRef = 86933F2A2B320E300084C3BF /* TopRated.swift */; };
		86933F2D2B323E1C0084C3BF /* SearchedMovies.swift in Sources */ = {isa = PBXBuildFile; fileRef = 86933F2C2B323E1C0084C3BF /* SearchedMovies.swift */; };
		86BDDCBC2B27BB5D00D71E88 /* MovieCardUIView.swift in Sources */ = {isa = PBXBuildFile; fileRef = 86BDDCBB2B27BB5D00D71E88 /* MovieCardUIView.swift */; };
		86BDDCBD2B27BC0900D71E88 /* Mockable.swift in Sources */ = {isa = PBXBuildFile; fileRef = 86C227A82B20E1D100B97229 /* Mockable.swift */; };
		86BDDCBE2B27BCDC00D71E88 /* TopRatedResponse.json in Resources */ = {isa = PBXBuildFile; fileRef = 86C227A42B20E13B00B97229 /* TopRatedResponse.json */; };
		86BDDCBF2B27BCE000D71E88 /* MovieSelectedResponse.json in Resources */ = {isa = PBXBuildFile; fileRef = 86C227A62B20E16500B97229 /* MovieSelectedResponse.json */; };
		86BDDCC32B28FAF100D71E88 /* String+Extension.swift in Sources */ = {isa = PBXBuildFile; fileRef = 86BDDCC22B28FAF100D71E88 /* String+Extension.swift */; };
		86BDDCC52B2A366700D71E88 /* StarUIView.swift in Sources */ = {isa = PBXBuildFile; fileRef = 86BDDCC42B2A366700D71E88 /* StarUIView.swift */; };
		86BEA38C2B3625CF00E0E73C /* GenreList.swift in Sources */ = {isa = PBXBuildFile; fileRef = 86BEA38B2B3625CF00E0E73C /* GenreList.swift */; };
		86BEA38E2B362A5A00E0E73C /* CarouselUIView.swift in Sources */ = {isa = PBXBuildFile; fileRef = 86BEA38D2B362A5A00E0E73C /* CarouselUIView.swift */; };
		86BEA3902B362AF400E0E73C /* DiscoveringUIView.swift in Sources */ = {isa = PBXBuildFile; fileRef = 86BEA38F2B362AF400E0E73C /* DiscoveringUIView.swift */; };
		86BEA3922B36390A00E0E73C /* GenreUIView.swift in Sources */ = {isa = PBXBuildFile; fileRef = 86BEA3912B36390A00E0E73C /* GenreUIView.swift */; };
		86C227932B1F6C5000B97229 /* MovieModel.swift in Sources */ = {isa = PBXBuildFile; fileRef = 86C227922B1F6C5000B97229 /* MovieModel.swift */; };
		86C227992B1F78DD00B97229 /* MovieListView.swift in Sources */ = {isa = PBXBuildFile; fileRef = 86C227982B1F78DD00B97229 /* MovieListView.swift */; };
		86C2279C2B1FBBCB00B97229 /* MovieView.swift in Sources */ = {isa = PBXBuildFile; fileRef = 86C2279B2B1FBBCB00B97229 /* MovieView.swift */; };
		86C2279E2B1FC6E900B97229 /* WannaSeeView.swift in Sources */ = {isa = PBXBuildFile; fileRef = 86C2279D2B1FC6E900B97229 /* WannaSeeView.swift */; };
		86C227A02B202CEA00B97229 /* TestDrive.swift in Sources */ = {isa = PBXBuildFile; fileRef = 86C2279F2B202CEA00B97229 /* TestDrive.swift */; };
		86C227A22B20DE7700B97229 /* SelectedMovie.swift in Sources */ = {isa = PBXBuildFile; fileRef = 86C227A12B20DE7700B97229 /* SelectedMovie.swift */; };
		86C227A52B20E13B00B97229 /* TopRatedResponse.json in Resources */ = {isa = PBXBuildFile; fileRef = 86C227A42B20E13B00B97229 /* TopRatedResponse.json */; };
		86C227A72B20E16500B97229 /* MovieSelectedResponse.json in Resources */ = {isa = PBXBuildFile; fileRef = 86C227A62B20E16500B97229 /* MovieSelectedResponse.json */; };
		86C227A92B20E1D100B97229 /* Mockable.swift in Sources */ = {isa = PBXBuildFile; fileRef = 86C227A82B20E1D100B97229 /* Mockable.swift */; };
		86F88F602B193295006C5BB5 /* MovieIMDBApp.swift in Sources */ = {isa = PBXBuildFile; fileRef = 86F88F5F2B193295006C5BB5 /* MovieIMDBApp.swift */; };
		86F88F642B193298006C5BB5 /* Assets.xcassets in Resources */ = {isa = PBXBuildFile; fileRef = 86F88F632B193298006C5BB5 /* Assets.xcassets */; };
		86F88F672B193298006C5BB5 /* Preview Assets.xcassets in Resources */ = {isa = PBXBuildFile; fileRef = 86F88F662B193298006C5BB5 /* Preview Assets.xcassets */; };
		86F88F712B193298006C5BB5 /* MovieIMDBTests.swift in Sources */ = {isa = PBXBuildFile; fileRef = 86F88F702B193298006C5BB5 /* MovieIMDBTests.swift */; };
		86F88F7B2B193298006C5BB5 /* MovieIMDBUITests.swift in Sources */ = {isa = PBXBuildFile; fileRef = 86F88F7A2B193298006C5BB5 /* MovieIMDBUITests.swift */; };
		86F88F7D2B193298006C5BB5 /* MovieIMDBUITestsLaunchTests.swift in Sources */ = {isa = PBXBuildFile; fileRef = 86F88F7C2B193298006C5BB5 /* MovieIMDBUITestsLaunchTests.swift */; };
		86F88F8B2B1932E5006C5BB5 /* NetworkLayer in Frameworks */ = {isa = PBXBuildFile; productRef = 86F88F8A2B1932E5006C5BB5 /* NetworkLayer */; };
		86F88F8E2B1A1ED6006C5BB5 /* MovieResult.swift in Sources */ = {isa = PBXBuildFile; fileRef = 86F88F8D2B1A1ED6006C5BB5 /* MovieResult.swift */; };
		86F88F902B1A1F84006C5BB5 /* Movie.swift in Sources */ = {isa = PBXBuildFile; fileRef = 86F88F8F2B1A1F84006C5BB5 /* Movie.swift */; };
		86F88F922B1A2F5C006C5BB5 /* MoviesEndpoint.swift in Sources */ = {isa = PBXBuildFile; fileRef = 86F88F912B1A2F5C006C5BB5 /* MoviesEndpoint.swift */; };
/* End PBXBuildFile section */

/* Begin PBXContainerItemProxy section */
		86F88F6D2B193298006C5BB5 /* PBXContainerItemProxy */ = {
			isa = PBXContainerItemProxy;
			containerPortal = 86F88F542B193295006C5BB5 /* Project object */;
			proxyType = 1;
			remoteGlobalIDString = 86F88F5B2B193295006C5BB5;
			remoteInfo = MovieIMDB;
		};
		86F88F772B193298006C5BB5 /* PBXContainerItemProxy */ = {
			isa = PBXContainerItemProxy;
			containerPortal = 86F88F542B193295006C5BB5 /* Project object */;
			proxyType = 1;
			remoteGlobalIDString = 86F88F5B2B193295006C5BB5;
			remoteInfo = MovieIMDB;
		};
/* End PBXContainerItemProxy section */

/* Begin PBXFileReference section */
		860EBADA2B1A3D080046B41E /* MoviesService.swift */ = {isa = PBXFileReference; lastKnownFileType = sourcecode.swift; path = MoviesService.swift; sourceTree = "<group>"; };
		86933F2A2B320E300084C3BF /* TopRated.swift */ = {isa = PBXFileReference; lastKnownFileType = sourcecode.swift; path = TopRated.swift; sourceTree = "<group>"; };
		86933F2C2B323E1C0084C3BF /* SearchedMovies.swift */ = {isa = PBXFileReference; lastKnownFileType = sourcecode.swift; path = SearchedMovies.swift; sourceTree = "<group>"; };
		86BDDCBB2B27BB5D00D71E88 /* MovieCardUIView.swift */ = {isa = PBXFileReference; lastKnownFileType = sourcecode.swift; path = MovieCardUIView.swift; sourceTree = "<group>"; };
		86BDDCC22B28FAF100D71E88 /* String+Extension.swift */ = {isa = PBXFileReference; lastKnownFileType = sourcecode.swift; path = "String+Extension.swift"; sourceTree = "<group>"; };
		86BDDCC42B2A366700D71E88 /* StarUIView.swift */ = {isa = PBXFileReference; lastKnownFileType = sourcecode.swift; path = StarUIView.swift; sourceTree = "<group>"; };
		86BEA38B2B3625CF00E0E73C /* GenreList.swift */ = {isa = PBXFileReference; lastKnownFileType = sourcecode.swift; path = GenreList.swift; sourceTree = "<group>"; };
		86BEA38D2B362A5A00E0E73C /* CarouselUIView.swift */ = {isa = PBXFileReference; lastKnownFileType = sourcecode.swift; path = CarouselUIView.swift; sourceTree = "<group>"; };
		86BEA38F2B362AF400E0E73C /* DiscoveringUIView.swift */ = {isa = PBXFileReference; lastKnownFileType = sourcecode.swift; path = DiscoveringUIView.swift; sourceTree = "<group>"; };
		86BEA3912B36390A00E0E73C /* GenreUIView.swift */ = {isa = PBXFileReference; lastKnownFileType = sourcecode.swift; path = GenreUIView.swift; sourceTree = "<group>"; };
		86C227922B1F6C5000B97229 /* MovieModel.swift */ = {isa = PBXFileReference; lastKnownFileType = sourcecode.swift; path = MovieModel.swift; sourceTree = "<group>"; };
		86C227982B1F78DD00B97229 /* MovieListView.swift */ = {isa = PBXFileReference; lastKnownFileType = sourcecode.swift; path = MovieListView.swift; sourceTree = "<group>"; };
		86C2279B2B1FBBCB00B97229 /* MovieView.swift */ = {isa = PBXFileReference; lastKnownFileType = sourcecode.swift; path = MovieView.swift; sourceTree = "<group>"; };
		86C2279D2B1FC6E900B97229 /* WannaSeeView.swift */ = {isa = PBXFileReference; lastKnownFileType = sourcecode.swift; path = WannaSeeView.swift; sourceTree = "<group>"; };
		86C2279F2B202CEA00B97229 /* TestDrive.swift */ = {isa = PBXFileReference; lastKnownFileType = sourcecode.swift; path = TestDrive.swift; sourceTree = "<group>"; };
		86C227A12B20DE7700B97229 /* SelectedMovie.swift */ = {isa = PBXFileReference; lastKnownFileType = sourcecode.swift; path = SelectedMovie.swift; sourceTree = "<group>"; };
		86C227A42B20E13B00B97229 /* TopRatedResponse.json */ = {isa = PBXFileReference; lastKnownFileType = text.json; path = TopRatedResponse.json; sourceTree = "<group>"; };
		86C227A62B20E16500B97229 /* MovieSelectedResponse.json */ = {isa = PBXFileReference; lastKnownFileType = text.json; path = MovieSelectedResponse.json; sourceTree = "<group>"; };
		86C227A82B20E1D100B97229 /* Mockable.swift */ = {isa = PBXFileReference; lastKnownFileType = sourcecode.swift; path = Mockable.swift; sourceTree = "<group>"; };
		86F88F5C2B193295006C5BB5 /* MovieIMDB.app */ = {isa = PBXFileReference; explicitFileType = wrapper.application; includeInIndex = 0; path = MovieIMDB.app; sourceTree = BUILT_PRODUCTS_DIR; };
		86F88F5F2B193295006C5BB5 /* MovieIMDBApp.swift */ = {isa = PBXFileReference; lastKnownFileType = sourcecode.swift; path = MovieIMDBApp.swift; sourceTree = "<group>"; };
		86F88F632B193298006C5BB5 /* Assets.xcassets */ = {isa = PBXFileReference; lastKnownFileType = folder.assetcatalog; path = Assets.xcassets; sourceTree = "<group>"; };
		86F88F662B193298006C5BB5 /* Preview Assets.xcassets */ = {isa = PBXFileReference; lastKnownFileType = folder.assetcatalog; path = "Preview Assets.xcassets"; sourceTree = "<group>"; };
		86F88F6C2B193298006C5BB5 /* MovieIMDBTests.xctest */ = {isa = PBXFileReference; explicitFileType = wrapper.cfbundle; includeInIndex = 0; path = MovieIMDBTests.xctest; sourceTree = BUILT_PRODUCTS_DIR; };
		86F88F702B193298006C5BB5 /* MovieIMDBTests.swift */ = {isa = PBXFileReference; lastKnownFileType = sourcecode.swift; path = MovieIMDBTests.swift; sourceTree = "<group>"; };
		86F88F762B193298006C5BB5 /* MovieIMDBUITests.xctest */ = {isa = PBXFileReference; explicitFileType = wrapper.cfbundle; includeInIndex = 0; path = MovieIMDBUITests.xctest; sourceTree = BUILT_PRODUCTS_DIR; };
		86F88F7A2B193298006C5BB5 /* MovieIMDBUITests.swift */ = {isa = PBXFileReference; lastKnownFileType = sourcecode.swift; path = MovieIMDBUITests.swift; sourceTree = "<group>"; };
		86F88F7C2B193298006C5BB5 /* MovieIMDBUITestsLaunchTests.swift */ = {isa = PBXFileReference; lastKnownFileType = sourcecode.swift; path = MovieIMDBUITestsLaunchTests.swift; sourceTree = "<group>"; };
		86F88F8D2B1A1ED6006C5BB5 /* MovieResult.swift */ = {isa = PBXFileReference; lastKnownFileType = sourcecode.swift; path = MovieResult.swift; sourceTree = "<group>"; };
		86F88F8F2B1A1F84006C5BB5 /* Movie.swift */ = {isa = PBXFileReference; lastKnownFileType = sourcecode.swift; path = Movie.swift; sourceTree = "<group>"; };
		86F88F912B1A2F5C006C5BB5 /* MoviesEndpoint.swift */ = {isa = PBXFileReference; lastKnownFileType = sourcecode.swift; path = MoviesEndpoint.swift; sourceTree = "<group>"; };
/* End PBXFileReference section */

/* Begin PBXFrameworksBuildPhase section */
		86F88F592B193295006C5BB5 /* Frameworks */ = {
			isa = PBXFrameworksBuildPhase;
			buildActionMask = 2147483647;
			files = (
				86F88F8B2B1932E5006C5BB5 /* NetworkLayer in Frameworks */,
			);
			runOnlyForDeploymentPostprocessing = 0;
		};
		86F88F692B193298006C5BB5 /* Frameworks */ = {
			isa = PBXFrameworksBuildPhase;
			buildActionMask = 2147483647;
			files = (
			);
			runOnlyForDeploymentPostprocessing = 0;
		};
		86F88F732B193298006C5BB5 /* Frameworks */ = {
			isa = PBXFrameworksBuildPhase;
			buildActionMask = 2147483647;
			files = (
			);
			runOnlyForDeploymentPostprocessing = 0;
		};
/* End PBXFrameworksBuildPhase section */

/* Begin PBXGroup section */
		860EBAD92B1A3C8B0046B41E /* Service */ = {
			isa = PBXGroup;
			children = (
				860EBADA2B1A3D080046B41E /* MoviesService.swift */,
			);
			path = Service;
			sourceTree = "<group>";
		};
		86BDDCBA2B27BADA00D71E88 /* Design */ = {
			isa = PBXGroup;
			children = (
				86BDDCBB2B27BB5D00D71E88 /* MovieCardUIView.swift */,
				86BDDCC42B2A366700D71E88 /* StarUIView.swift */,
				86933F2A2B320E300084C3BF /* TopRated.swift */,
				86933F2C2B323E1C0084C3BF /* SearchedMovies.swift */,
				86BEA38D2B362A5A00E0E73C /* CarouselUIView.swift */,
				86BEA3912B36390A00E0E73C /* GenreUIView.swift */,
			);
			path = Design;
			sourceTree = "<group>";
		};
		86BDDCC12B28FA8E00D71E88 /* Extensions */ = {
			isa = PBXGroup;
			children = (
				86BDDCC22B28FAF100D71E88 /* String+Extension.swift */,
			);
			path = Extensions;
			sourceTree = "<group>";
		};
		86C227A32B20E0F200B97229 /* JSON */ = {
			isa = PBXGroup;
			children = (
				86C227A42B20E13B00B97229 /* TopRatedResponse.json */,
				86C227A62B20E16500B97229 /* MovieSelectedResponse.json */,
			);
			path = JSON;
			sourceTree = "<group>";
		};
		86F88F532B193295006C5BB5 = {
			isa = PBXGroup;
			children = (
				86F88F5E2B193295006C5BB5 /* MovieIMDB */,
				86F88F6F2B193298006C5BB5 /* MovieIMDBTests */,
				86F88F792B193298006C5BB5 /* MovieIMDBUITests */,
				86F88F5D2B193295006C5BB5 /* Products */,
			);
			sourceTree = "<group>";
		};
		86F88F5D2B193295006C5BB5 /* Products */ = {
			isa = PBXGroup;
			children = (
				86F88F5C2B193295006C5BB5 /* MovieIMDB.app */,
				86F88F6C2B193298006C5BB5 /* MovieIMDBTests.xctest */,
				86F88F762B193298006C5BB5 /* MovieIMDBUITests.xctest */,
			);
			name = Products;
			sourceTree = "<group>";
		};
		86F88F5E2B193295006C5BB5 /* MovieIMDB */ = {
			isa = PBXGroup;
			children = (
				86BDDCC12B28FA8E00D71E88 /* Extensions */,
				86BDDCBA2B27BADA00D71E88 /* Design */,
				860EBAD92B1A3C8B0046B41E /* Service */,
				86F88F932B1A2F63006C5BB5 /* Endpoint */,
				86F88F8C2B1A1EC0006C5BB5 /* Models */,
				86F88F5F2B193295006C5BB5 /* MovieIMDBApp.swift */,
				86BEA38F2B362AF400E0E73C /* DiscoveringUIView.swift */,
				86C227982B1F78DD00B97229 /* MovieListView.swift */,
				86C2279B2B1FBBCB00B97229 /* MovieView.swift */,
				86C2279D2B1FC6E900B97229 /* WannaSeeView.swift */,
				86F88F632B193298006C5BB5 /* Assets.xcassets */,
				86F88F652B193298006C5BB5 /* Preview Content */,
				86C2279F2B202CEA00B97229 /* TestDrive.swift */,
			);
			path = MovieIMDB;
			sourceTree = "<group>";
		};
		86F88F652B193298006C5BB5 /* Preview Content */ = {
			isa = PBXGroup;
			children = (
				86F88F662B193298006C5BB5 /* Preview Assets.xcassets */,
			);
			path = "Preview Content";
			sourceTree = "<group>";
		};
		86F88F6F2B193298006C5BB5 /* MovieIMDBTests */ = {
			isa = PBXGroup;
			children = (
				86C227A32B20E0F200B97229 /* JSON */,
				86F88F702B193298006C5BB5 /* MovieIMDBTests.swift */,
				86C227A82B20E1D100B97229 /* Mockable.swift */,
			);
			path = MovieIMDBTests;
			sourceTree = "<group>";
		};
		86F88F792B193298006C5BB5 /* MovieIMDBUITests */ = {
			isa = PBXGroup;
			children = (
				86F88F7A2B193298006C5BB5 /* MovieIMDBUITests.swift */,
				86F88F7C2B193298006C5BB5 /* MovieIMDBUITestsLaunchTests.swift */,
			);
			path = MovieIMDBUITests;
			sourceTree = "<group>";
		};
		86F88F8C2B1A1EC0006C5BB5 /* Models */ = {
			isa = PBXGroup;
			children = (
				86F88F8D2B1A1ED6006C5BB5 /* MovieResult.swift */,
				86F88F8F2B1A1F84006C5BB5 /* Movie.swift */,
				86C227922B1F6C5000B97229 /* MovieModel.swift */,
				86C227A12B20DE7700B97229 /* SelectedMovie.swift */,
				86BEA38B2B3625CF00E0E73C /* GenreList.swift */,
			);
			path = Models;
			sourceTree = "<group>";
		};
		86F88F932B1A2F63006C5BB5 /* Endpoint */ = {
			isa = PBXGroup;
			children = (
				86F88F912B1A2F5C006C5BB5 /* MoviesEndpoint.swift */,
			);
			path = Endpoint;
			sourceTree = "<group>";
		};
/* End PBXGroup section */

/* Begin PBXNativeTarget section */
		86F88F5B2B193295006C5BB5 /* MovieIMDB */ = {
			isa = PBXNativeTarget;
			buildConfigurationList = 86F88F802B193298006C5BB5 /* Build configuration list for PBXNativeTarget "MovieIMDB" */;
			buildPhases = (
				86F88F582B193295006C5BB5 /* Sources */,
				86F88F592B193295006C5BB5 /* Frameworks */,
				86F88F5A2B193295006C5BB5 /* Resources */,
			);
			buildRules = (
			);
			dependencies = (
			);
			name = MovieIMDB;
			packageProductDependencies = (
				86F88F8A2B1932E5006C5BB5 /* NetworkLayer */,
			);
			productName = MovieIMDB;
			productReference = 86F88F5C2B193295006C5BB5 /* MovieIMDB.app */;
			productType = "com.apple.product-type.application";
		};
		86F88F6B2B193298006C5BB5 /* MovieIMDBTests */ = {
			isa = PBXNativeTarget;
			buildConfigurationList = 86F88F832B193298006C5BB5 /* Build configuration list for PBXNativeTarget "MovieIMDBTests" */;
			buildPhases = (
				86F88F682B193298006C5BB5 /* Sources */,
				86F88F692B193298006C5BB5 /* Frameworks */,
				86F88F6A2B193298006C5BB5 /* Resources */,
			);
			buildRules = (
			);
			dependencies = (
				86F88F6E2B193298006C5BB5 /* PBXTargetDependency */,
			);
			name = MovieIMDBTests;
			productName = MovieIMDBTests;
			productReference = 86F88F6C2B193298006C5BB5 /* MovieIMDBTests.xctest */;
			productType = "com.apple.product-type.bundle.unit-test";
		};
		86F88F752B193298006C5BB5 /* MovieIMDBUITests */ = {
			isa = PBXNativeTarget;
			buildConfigurationList = 86F88F862B193298006C5BB5 /* Build configuration list for PBXNativeTarget "MovieIMDBUITests" */;
			buildPhases = (
				86F88F722B193298006C5BB5 /* Sources */,
				86F88F732B193298006C5BB5 /* Frameworks */,
				86F88F742B193298006C5BB5 /* Resources */,
			);
			buildRules = (
			);
			dependencies = (
				86F88F782B193298006C5BB5 /* PBXTargetDependency */,
			);
			name = MovieIMDBUITests;
			productName = MovieIMDBUITests;
			productReference = 86F88F762B193298006C5BB5 /* MovieIMDBUITests.xctest */;
			productType = "com.apple.product-type.bundle.ui-testing";
		};
/* End PBXNativeTarget section */

/* Begin PBXProject section */
		86F88F542B193295006C5BB5 /* Project object */ = {
			isa = PBXProject;
			attributes = {
				BuildIndependentTargetsInParallel = 1;
				LastSwiftUpdateCheck = 1430;
				LastUpgradeCheck = 1430;
				TargetAttributes = {
					86F88F5B2B193295006C5BB5 = {
						CreatedOnToolsVersion = 14.3.1;
					};
					86F88F6B2B193298006C5BB5 = {
						CreatedOnToolsVersion = 14.3.1;
						TestTargetID = 86F88F5B2B193295006C5BB5;
					};
					86F88F752B193298006C5BB5 = {
						CreatedOnToolsVersion = 14.3.1;
						TestTargetID = 86F88F5B2B193295006C5BB5;
					};
				};
			};
			buildConfigurationList = 86F88F572B193295006C5BB5 /* Build configuration list for PBXProject "MovieIMDB" */;
			compatibilityVersion = "Xcode 14.0";
			developmentRegion = en;
			hasScannedForEncodings = 0;
			knownRegions = (
				en,
				Base,
			);
			mainGroup = 86F88F532B193295006C5BB5;
			packageReferences = (
				86F88F892B1932E4006C5BB5 /* XCRemoteSwiftPackageReference "NetworkLayer" */,
			);
			productRefGroup = 86F88F5D2B193295006C5BB5 /* Products */;
			projectDirPath = "";
			projectRoot = "";
			targets = (
				86F88F5B2B193295006C5BB5 /* MovieIMDB */,
				86F88F6B2B193298006C5BB5 /* MovieIMDBTests */,
				86F88F752B193298006C5BB5 /* MovieIMDBUITests */,
			);
		};
/* End PBXProject section */

/* Begin PBXResourcesBuildPhase section */
		86F88F5A2B193295006C5BB5 /* Resources */ = {
			isa = PBXResourcesBuildPhase;
			buildActionMask = 2147483647;
			files = (
				86F88F672B193298006C5BB5 /* Preview Assets.xcassets in Resources */,
				86F88F642B193298006C5BB5 /* Assets.xcassets in Resources */,
				86BDDCBF2B27BCE000D71E88 /* MovieSelectedResponse.json in Resources */,
				86BDDCBE2B27BCDC00D71E88 /* TopRatedResponse.json in Resources */,
			);
			runOnlyForDeploymentPostprocessing = 0;
		};
		86F88F6A2B193298006C5BB5 /* Resources */ = {
			isa = PBXResourcesBuildPhase;
			buildActionMask = 2147483647;
			files = (
				86C227A72B20E16500B97229 /* MovieSelectedResponse.json in Resources */,
				86C227A52B20E13B00B97229 /* TopRatedResponse.json in Resources */,
			);
			runOnlyForDeploymentPostprocessing = 0;
		};
		86F88F742B193298006C5BB5 /* Resources */ = {
			isa = PBXResourcesBuildPhase;
			buildActionMask = 2147483647;
			files = (
			);
			runOnlyForDeploymentPostprocessing = 0;
		};
/* End PBXResourcesBuildPhase section */

/* Begin PBXSourcesBuildPhase section */
		86F88F582B193295006C5BB5 /* Sources */ = {
			isa = PBXSourcesBuildPhase;
			buildActionMask = 2147483647;
			files = (
				86BEA3902B362AF400E0E73C /* DiscoveringUIView.swift in Sources */,
				86C227932B1F6C5000B97229 /* MovieModel.swift in Sources */,
				86C2279E2B1FC6E900B97229 /* WannaSeeView.swift in Sources */,
				86F88F602B193295006C5BB5 /* MovieIMDBApp.swift in Sources */,
				86BEA38C2B3625CF00E0E73C /* GenreList.swift in Sources */,
				86BDDCC52B2A366700D71E88 /* StarUIView.swift in Sources */,
				860EBADB2B1A3D080046B41E /* MoviesService.swift in Sources */,
				86C227A22B20DE7700B97229 /* SelectedMovie.swift in Sources */,
				86C2279C2B1FBBCB00B97229 /* MovieView.swift in Sources */,
				86BEA38E2B362A5A00E0E73C /* CarouselUIView.swift in Sources */,
				86F88F902B1A1F84006C5BB5 /* Movie.swift in Sources */,
				86BEA3922B36390A00E0E73C /* GenreUIView.swift in Sources */,
				86BDDCBD2B27BC0900D71E88 /* Mockable.swift in Sources */,
				86933F2D2B323E1C0084C3BF /* SearchedMovies.swift in Sources */,
				86BDDCC32B28FAF100D71E88 /* String+Extension.swift in Sources */,
				86BDDCBC2B27BB5D00D71E88 /* MovieCardUIView.swift in Sources */,
				86C227992B1F78DD00B97229 /* MovieListView.swift in Sources */,
				86933F2B2B320E300084C3BF /* TopRated.swift in Sources */,
				86F88F922B1A2F5C006C5BB5 /* MoviesEndpoint.swift in Sources */,
				86F88F8E2B1A1ED6006C5BB5 /* MovieResult.swift in Sources */,
				86C227A02B202CEA00B97229 /* TestDrive.swift in Sources */,
			);
			runOnlyForDeploymentPostprocessing = 0;
		};
		86F88F682B193298006C5BB5 /* Sources */ = {
			isa = PBXSourcesBuildPhase;
			buildActionMask = 2147483647;
			files = (
				86F88F712B193298006C5BB5 /* MovieIMDBTests.swift in Sources */,
				86C227A92B20E1D100B97229 /* Mockable.swift in Sources */,
			);
			runOnlyForDeploymentPostprocessing = 0;
		};
		86F88F722B193298006C5BB5 /* Sources */ = {
			isa = PBXSourcesBuildPhase;
			buildActionMask = 2147483647;
			files = (
				86F88F7B2B193298006C5BB5 /* MovieIMDBUITests.swift in Sources */,
				86F88F7D2B193298006C5BB5 /* MovieIMDBUITestsLaunchTests.swift in Sources */,
			);
			runOnlyForDeploymentPostprocessing = 0;
		};
/* End PBXSourcesBuildPhase section */

/* Begin PBXTargetDependency section */
		86F88F6E2B193298006C5BB5 /* PBXTargetDependency */ = {
			isa = PBXTargetDependency;
			target = 86F88F5B2B193295006C5BB5 /* MovieIMDB */;
			targetProxy = 86F88F6D2B193298006C5BB5 /* PBXContainerItemProxy */;
		};
		86F88F782B193298006C5BB5 /* PBXTargetDependency */ = {
			isa = PBXTargetDependency;
			target = 86F88F5B2B193295006C5BB5 /* MovieIMDB */;
			targetProxy = 86F88F772B193298006C5BB5 /* PBXContainerItemProxy */;
		};
/* End PBXTargetDependency section */

/* Begin XCBuildConfiguration section */
		86F88F7E2B193298006C5BB5 /* Debug */ = {
			isa = XCBuildConfiguration;
			buildSettings = {
				ALWAYS_SEARCH_USER_PATHS = NO;
				CLANG_ANALYZER_NONNULL = YES;
				CLANG_ANALYZER_NUMBER_OBJECT_CONVERSION = YES_AGGRESSIVE;
				CLANG_CXX_LANGUAGE_STANDARD = "gnu++20";
				CLANG_ENABLE_MODULES = YES;
				CLANG_ENABLE_OBJC_ARC = YES;
				CLANG_ENABLE_OBJC_WEAK = YES;
				CLANG_WARN_BLOCK_CAPTURE_AUTORELEASING = YES;
				CLANG_WARN_BOOL_CONVERSION = YES;
				CLANG_WARN_COMMA = YES;
				CLANG_WARN_CONSTANT_CONVERSION = YES;
				CLANG_WARN_DEPRECATED_OBJC_IMPLEMENTATIONS = YES;
				CLANG_WARN_DIRECT_OBJC_ISA_USAGE = YES_ERROR;
				CLANG_WARN_DOCUMENTATION_COMMENTS = YES;
				CLANG_WARN_EMPTY_BODY = YES;
				CLANG_WARN_ENUM_CONVERSION = YES;
				CLANG_WARN_INFINITE_RECURSION = YES;
				CLANG_WARN_INT_CONVERSION = YES;
				CLANG_WARN_NON_LITERAL_NULL_CONVERSION = YES;
				CLANG_WARN_OBJC_IMPLICIT_RETAIN_SELF = YES;
				CLANG_WARN_OBJC_LITERAL_CONVERSION = YES;
				CLANG_WARN_OBJC_ROOT_CLASS = YES_ERROR;
				CLANG_WARN_QUOTED_INCLUDE_IN_FRAMEWORK_HEADER = YES;
				CLANG_WARN_RANGE_LOOP_ANALYSIS = YES;
				CLANG_WARN_STRICT_PROTOTYPES = YES;
				CLANG_WARN_SUSPICIOUS_MOVE = YES;
				CLANG_WARN_UNGUARDED_AVAILABILITY = YES_AGGRESSIVE;
				CLANG_WARN_UNREACHABLE_CODE = YES;
				CLANG_WARN__DUPLICATE_METHOD_MATCH = YES;
				COPY_PHASE_STRIP = NO;
				DEBUG_INFORMATION_FORMAT = dwarf;
				ENABLE_STRICT_OBJC_MSGSEND = YES;
				ENABLE_TESTABILITY = YES;
				GCC_C_LANGUAGE_STANDARD = gnu11;
				GCC_DYNAMIC_NO_PIC = NO;
				GCC_NO_COMMON_BLOCKS = YES;
				GCC_OPTIMIZATION_LEVEL = 0;
				GCC_PREPROCESSOR_DEFINITIONS = (
					"DEBUG=1",
					"$(inherited)",
				);
				GCC_WARN_64_TO_32_BIT_CONVERSION = YES;
				GCC_WARN_ABOUT_RETURN_TYPE = YES_ERROR;
				GCC_WARN_UNDECLARED_SELECTOR = YES;
				GCC_WARN_UNINITIALIZED_AUTOS = YES_AGGRESSIVE;
				GCC_WARN_UNUSED_FUNCTION = YES;
				GCC_WARN_UNUSED_VARIABLE = YES;
				IPHONEOS_DEPLOYMENT_TARGET = 16.4;
				MTL_ENABLE_DEBUG_INFO = INCLUDE_SOURCE;
				MTL_FAST_MATH = YES;
				ONLY_ACTIVE_ARCH = YES;
				SDKROOT = iphoneos;
				SWIFT_ACTIVE_COMPILATION_CONDITIONS = DEBUG;
				SWIFT_OPTIMIZATION_LEVEL = "-Onone";
			};
			name = Debug;
		};
		86F88F7F2B193298006C5BB5 /* Release */ = {
			isa = XCBuildConfiguration;
			buildSettings = {
				ALWAYS_SEARCH_USER_PATHS = NO;
				CLANG_ANALYZER_NONNULL = YES;
				CLANG_ANALYZER_NUMBER_OBJECT_CONVERSION = YES_AGGRESSIVE;
				CLANG_CXX_LANGUAGE_STANDARD = "gnu++20";
				CLANG_ENABLE_MODULES = YES;
				CLANG_ENABLE_OBJC_ARC = YES;
				CLANG_ENABLE_OBJC_WEAK = YES;
				CLANG_WARN_BLOCK_CAPTURE_AUTORELEASING = YES;
				CLANG_WARN_BOOL_CONVERSION = YES;
				CLANG_WARN_COMMA = YES;
				CLANG_WARN_CONSTANT_CONVERSION = YES;
				CLANG_WARN_DEPRECATED_OBJC_IMPLEMENTATIONS = YES;
				CLANG_WARN_DIRECT_OBJC_ISA_USAGE = YES_ERROR;
				CLANG_WARN_DOCUMENTATION_COMMENTS = YES;
				CLANG_WARN_EMPTY_BODY = YES;
				CLANG_WARN_ENUM_CONVERSION = YES;
				CLANG_WARN_INFINITE_RECURSION = YES;
				CLANG_WARN_INT_CONVERSION = YES;
				CLANG_WARN_NON_LITERAL_NULL_CONVERSION = YES;
				CLANG_WARN_OBJC_IMPLICIT_RETAIN_SELF = YES;
				CLANG_WARN_OBJC_LITERAL_CONVERSION = YES;
				CLANG_WARN_OBJC_ROOT_CLASS = YES_ERROR;
				CLANG_WARN_QUOTED_INCLUDE_IN_FRAMEWORK_HEADER = YES;
				CLANG_WARN_RANGE_LOOP_ANALYSIS = YES;
				CLANG_WARN_STRICT_PROTOTYPES = YES;
				CLANG_WARN_SUSPICIOUS_MOVE = YES;
				CLANG_WARN_UNGUARDED_AVAILABILITY = YES_AGGRESSIVE;
				CLANG_WARN_UNREACHABLE_CODE = YES;
				CLANG_WARN__DUPLICATE_METHOD_MATCH = YES;
				COPY_PHASE_STRIP = NO;
				DEBUG_INFORMATION_FORMAT = "dwarf-with-dsym";
				ENABLE_NS_ASSERTIONS = NO;
				ENABLE_STRICT_OBJC_MSGSEND = YES;
				GCC_C_LANGUAGE_STANDARD = gnu11;
				GCC_NO_COMMON_BLOCKS = YES;
				GCC_WARN_64_TO_32_BIT_CONVERSION = YES;
				GCC_WARN_ABOUT_RETURN_TYPE = YES_ERROR;
				GCC_WARN_UNDECLARED_SELECTOR = YES;
				GCC_WARN_UNINITIALIZED_AUTOS = YES_AGGRESSIVE;
				GCC_WARN_UNUSED_FUNCTION = YES;
				GCC_WARN_UNUSED_VARIABLE = YES;
				IPHONEOS_DEPLOYMENT_TARGET = 16.4;
				MTL_ENABLE_DEBUG_INFO = NO;
				MTL_FAST_MATH = YES;
				SDKROOT = iphoneos;
				SWIFT_COMPILATION_MODE = wholemodule;
				SWIFT_OPTIMIZATION_LEVEL = "-O";
				VALIDATE_PRODUCT = YES;
			};
			name = Release;
		};
		86F88F812B193298006C5BB5 /* Debug */ = {
			isa = XCBuildConfiguration;
			buildSettings = {
				ASSETCATALOG_COMPILER_APPICON_NAME = AppIcon;
				ASSETCATALOG_COMPILER_GLOBAL_ACCENT_COLOR_NAME = AccentColor;
				CODE_SIGN_STYLE = Automatic;
				CURRENT_PROJECT_VERSION = 1;
				DEVELOPMENT_ASSET_PATHS = "\"MovieIMDB/Preview Content\"";
				DEVELOPMENT_TEAM = A62T4XMM89;
				ENABLE_PREVIEWS = YES;
				GENERATE_INFOPLIST_FILE = YES;
				INFOPLIST_KEY_CFBundleDisplayName = "I wanna see";
				INFOPLIST_KEY_UIApplicationSceneManifest_Generation = YES;
				INFOPLIST_KEY_UIApplicationSupportsIndirectInputEvents = YES;
				INFOPLIST_KEY_UILaunchScreen_Generation = YES;
				INFOPLIST_KEY_UISupportedInterfaceOrientations_iPad = "UIInterfaceOrientationPortrait UIInterfaceOrientationPortraitUpsideDown UIInterfaceOrientationLandscapeLeft UIInterfaceOrientationLandscapeRight";
				INFOPLIST_KEY_UISupportedInterfaceOrientations_iPhone = "UIInterfaceOrientationPortrait UIInterfaceOrientationLandscapeLeft UIInterfaceOrientationLandscapeRight";
				IPHONEOS_DEPLOYMENT_TARGET = 17.0;
				LD_RUNPATH_SEARCH_PATHS = (
					"$(inherited)",
					"@executable_path/Frameworks",
				);
				MARKETING_VERSION = 1.0;
				PRODUCT_BUNDLE_IDENTIFIER = br.thiagomf.MovieIMDB;
				PRODUCT_NAME = "$(TARGET_NAME)";
				SWIFT_EMIT_LOC_STRINGS = YES;
				SWIFT_VERSION = 5.0;
				TARGETED_DEVICE_FAMILY = "1,2";
			};
			name = Debug;
		};
		86F88F822B193298006C5BB5 /* Release */ = {
			isa = XCBuildConfiguration;
			buildSettings = {
				ASSETCATALOG_COMPILER_APPICON_NAME = AppIcon;
				ASSETCATALOG_COMPILER_GLOBAL_ACCENT_COLOR_NAME = AccentColor;
				CODE_SIGN_STYLE = Automatic;
				CURRENT_PROJECT_VERSION = 1;
				DEVELOPMENT_ASSET_PATHS = "\"MovieIMDB/Preview Content\"";
				DEVELOPMENT_TEAM = A62T4XMM89;
				ENABLE_PREVIEWS = YES;
				GENERATE_INFOPLIST_FILE = YES;
				INFOPLIST_KEY_CFBundleDisplayName = "I wanna see";
				INFOPLIST_KEY_UIApplicationSceneManifest_Generation = YES;
				INFOPLIST_KEY_UIApplicationSupportsIndirectInputEvents = YES;
				INFOPLIST_KEY_UILaunchScreen_Generation = YES;
				INFOPLIST_KEY_UISupportedInterfaceOrientations_iPad = "UIInterfaceOrientationPortrait UIInterfaceOrientationPortraitUpsideDown UIInterfaceOrientationLandscapeLeft UIInterfaceOrientationLandscapeRight";
				INFOPLIST_KEY_UISupportedInterfaceOrientations_iPhone = "UIInterfaceOrientationPortrait UIInterfaceOrientationLandscapeLeft UIInterfaceOrientationLandscapeRight";
				IPHONEOS_DEPLOYMENT_TARGET = 17.0;
				LD_RUNPATH_SEARCH_PATHS = (
					"$(inherited)",
					"@executable_path/Frameworks",
				);
				MARKETING_VERSION = 1.0;
				PRODUCT_BUNDLE_IDENTIFIER = br.thiagomf.MovieIMDB;
				PRODUCT_NAME = "$(TARGET_NAME)";
				SWIFT_EMIT_LOC_STRINGS = YES;
				SWIFT_VERSION = 5.0;
				TARGETED_DEVICE_FAMILY = "1,2";
			};
			name = Release;
		};
		86F88F842B193298006C5BB5 /* Debug */ = {
			isa = XCBuildConfiguration;
			buildSettings = {
				ALWAYS_EMBED_SWIFT_STANDARD_LIBRARIES = YES;
				BUNDLE_LOADER = "$(TEST_HOST)";
				CODE_SIGN_STYLE = Automatic;
				CURRENT_PROJECT_VERSION = 1;
				DEVELOPMENT_TEAM = A62T4XMM89;
				GENERATE_INFOPLIST_FILE = YES;
				IPHONEOS_DEPLOYMENT_TARGET = 16.4;
				MARKETING_VERSION = 1.0;
				PRODUCT_BUNDLE_IDENTIFIER = br.thiagomf.MovieIMDBTests;
				PRODUCT_NAME = "$(TARGET_NAME)";
				SWIFT_EMIT_LOC_STRINGS = NO;
				SWIFT_VERSION = 5.0;
				TARGETED_DEVICE_FAMILY = "1,2";
				TEST_HOST = "$(BUILT_PRODUCTS_DIR)/MovieIMDB.app/$(BUNDLE_EXECUTABLE_FOLDER_PATH)/MovieIMDB";
			};
			name = Debug;
		};
		86F88F852B193298006C5BB5 /* Release */ = {
			isa = XCBuildConfiguration;
			buildSettings = {
				ALWAYS_EMBED_SWIFT_STANDARD_LIBRARIES = YES;
				BUNDLE_LOADER = "$(TEST_HOST)";
				CODE_SIGN_STYLE = Automatic;
				CURRENT_PROJECT_VERSION = 1;
				DEVELOPMENT_TEAM = A62T4XMM89;
				GENERATE_INFOPLIST_FILE = YES;
				IPHONEOS_DEPLOYMENT_TARGET = 16.4;
				MARKETING_VERSION = 1.0;
				PRODUCT_BUNDLE_IDENTIFIER = br.thiagomf.MovieIMDBTests;
				PRODUCT_NAME = "$(TARGET_NAME)";
				SWIFT_EMIT_LOC_STRINGS = NO;
				SWIFT_VERSION = 5.0;
				TARGETED_DEVICE_FAMILY = "1,2";
				TEST_HOST = "$(BUILT_PRODUCTS_DIR)/MovieIMDB.app/$(BUNDLE_EXECUTABLE_FOLDER_PATH)/MovieIMDB";
			};
			name = Release;
		};
		86F88F872B193298006C5BB5 /* Debug */ = {
			isa = XCBuildConfiguration;
			buildSettings = {
				ALWAYS_EMBED_SWIFT_STANDARD_LIBRARIES = YES;
				CODE_SIGN_STYLE = Automatic;
				CURRENT_PROJECT_VERSION = 1;
				DEVELOPMENT_TEAM = A62T4XMM89;
				GENERATE_INFOPLIST_FILE = YES;
				MARKETING_VERSION = 1.0;
				PRODUCT_BUNDLE_IDENTIFIER = br.thiagomf.MovieIMDBUITests;
				PRODUCT_NAME = "$(TARGET_NAME)";
				SWIFT_EMIT_LOC_STRINGS = NO;
				SWIFT_VERSION = 5.0;
				TARGETED_DEVICE_FAMILY = "1,2";
				TEST_TARGET_NAME = MovieIMDB;
			};
			name = Debug;
		};
		86F88F882B193298006C5BB5 /* Release */ = {
			isa = XCBuildConfiguration;
			buildSettings = {
				ALWAYS_EMBED_SWIFT_STANDARD_LIBRARIES = YES;
				CODE_SIGN_STYLE = Automatic;
				CURRENT_PROJECT_VERSION = 1;
				DEVELOPMENT_TEAM = A62T4XMM89;
				GENERATE_INFOPLIST_FILE = YES;
				MARKETING_VERSION = 1.0;
				PRODUCT_BUNDLE_IDENTIFIER = br.thiagomf.MovieIMDBUITests;
				PRODUCT_NAME = "$(TARGET_NAME)";
				SWIFT_EMIT_LOC_STRINGS = NO;
				SWIFT_VERSION = 5.0;
				TARGETED_DEVICE_FAMILY = "1,2";
				TEST_TARGET_NAME = MovieIMDB;
			};
			name = Release;
		};
/* End XCBuildConfiguration section */

/* Begin XCConfigurationList section */
		86F88F572B193295006C5BB5 /* Build configuration list for PBXProject "MovieIMDB" */ = {
			isa = XCConfigurationList;
			buildConfigurations = (
				86F88F7E2B193298006C5BB5 /* Debug */,
				86F88F7F2B193298006C5BB5 /* Release */,
			);
			defaultConfigurationIsVisible = 0;
			defaultConfigurationName = Release;
		};
		86F88F802B193298006C5BB5 /* Build configuration list for PBXNativeTarget "MovieIMDB" */ = {
			isa = XCConfigurationList;
			buildConfigurations = (
				86F88F812B193298006C5BB5 /* Debug */,
				86F88F822B193298006C5BB5 /* Release */,
			);
			defaultConfigurationIsVisible = 0;
			defaultConfigurationName = Release;
		};
		86F88F832B193298006C5BB5 /* Build configuration list for PBXNativeTarget "MovieIMDBTests" */ = {
			isa = XCConfigurationList;
			buildConfigurations = (
				86F88F842B193298006C5BB5 /* Debug */,
				86F88F852B193298006C5BB5 /* Release */,
			);
			defaultConfigurationIsVisible = 0;
			defaultConfigurationName = Release;
		};
		86F88F862B193298006C5BB5 /* Build configuration list for PBXNativeTarget "MovieIMDBUITests" */ = {
			isa = XCConfigurationList;
			buildConfigurations = (
				86F88F872B193298006C5BB5 /* Debug */,
				86F88F882B193298006C5BB5 /* Release */,
			);
			defaultConfigurationIsVisible = 0;
			defaultConfigurationName = Release;
		};
/* End XCConfigurationList section */

/* Begin XCRemoteSwiftPackageReference section */
		86F88F892B1932E4006C5BB5 /* XCRemoteSwiftPackageReference "NetworkLayer" */ = {
			isa = XCRemoteSwiftPackageReference;
			repositoryURL = "https://github.com/thiagomf/NetworkLayer";
			requirement = {
				branch = main;
				kind = branch;
			};
		};
/* End XCRemoteSwiftPackageReference section */

/* Begin XCSwiftPackageProductDependency section */
		86F88F8A2B1932E5006C5BB5 /* NetworkLayer */ = {
			isa = XCSwiftPackageProductDependency;
			package = 86F88F892B1932E4006C5BB5 /* XCRemoteSwiftPackageReference "NetworkLayer" */;
			productName = NetworkLayer;
		};
/* End XCSwiftPackageProductDependency section */
	};
	rootObject = 86F88F542B193295006C5BB5 /* Project object */;
}
