{
  "pins" : [
    {
      "identity" : "networklayer",
      "kind" : "remoteSourceControl",
      "location" : "https://github.com/thiagomf/NetworkLayer",
      "state" : {
        "branch" : "main",
        "revision" : "ff4cffe4cacf150da88e3d77cbdc534536f15892"
      }
    }
  ],
  "version" : 2
}
